<?xml version="1.0" encoding="utf-8"?>
<Project ToolsVersion="15.0" xmlns="http://schemas.microsoft.com/developer/msbuild/2003">
  <ItemGroup>
    <ClCompile Include="C:\Users\piyus\Downloads\darknet-master\darknet-master\src\yolo_console_dll.cpp">
      <Filter>Source Files</Filter>
    </ClCompile>
  </ItemGroup>
  <ItemGroup>
    <CustomBuild Include="C:\Users\piyus\Downloads\darknet-master\darknet-master\CMakeLists.txt" />
  </ItemGroup>
  <ItemGroup>
    <Filter Include="Source Files">
      <UniqueIdentifier>{1CB1DDC0-6270-38CA-9FDA-9A22F1977FF3}</UniqueIdentifier>
    </Filter>
  </ItemGroup>
</Project>
